
Microsoft Visual Studio Solution File, Format Version 12.00
# Visual Studio Version 17
VisualStudioVersion = 17.7.33913.275
MinimumVisualStudioVersion = 10.0.40219.1
Project("{FAE04EC0-301F-11D3-BF4B-00C04F79EFBC}") = "ChatSJTU.Plugin", "ChatSJTU.Plugin\ChatSJTU.Plugin.csproj", "{184A62B3-DCD0-4BB8-BA13-072B9F2C1BEC}"
EndProject
Global
	GlobalSection(SolutionConfigurationPlatforms) = preSolution
		Debug|Any CPU = Debug|Any CPU
		Release|Any CPU = Release|Any CPU
	EndGlobalSection
	GlobalSection(ProjectConfigurationPlatforms) = postSolution
		{184A62B3-DCD0-4BB8-BA13-072B9F2C1BEC}.Debug|Any CPU.ActiveCfg = Debug|Any CPU
		{184A62B3-DCD0-4BB8-BA13-072B9F2C1BEC}.Debug|Any CPU.Build.0 = Debug|Any CPU
		{184A62B3-DCD0-4BB8-BA13-072B9F2C1BEC}.Release|Any CPU.ActiveCfg = Release|Any CPU
		{184A62B3-DCD0-4BB8-BA13-072B9F2C1BEC}.Release|Any CPU.Build.0 = Release|Any CPU
	EndGlobalSection
	GlobalSection(SolutionProperties) = preSolution
		HideSolutionNode = FALSE
	EndGlobalSection
	GlobalSection(ExtensibilityGlobals) = postSolution
		SolutionGuid = {CE55FF0C-07C4-4522-8EF9-10D13763581A}
	EndGlobalSection
EndGlobal
